
Microsoft Visual Studio Solution File, Format Version 11.00
# Visual Studio 2010
Project("{FAE04EC0-301F-11D3-BF4B-00C04F79EFBC}") = "MilkRunApp_v3", "MIlkRunApp_v1\MilkRunApp_v3.csproj", "{8DCC2EBE-5E43-4E81-A3FE-B67834E3FEC9}"
EndProject
Global
	GlobalSection(SolutionConfigurationPlatforms) = preSolution
		Debug|x86 = Debug|x86
		Release|x86 = Release|x86
	EndGlobalSection
	GlobalSection(ProjectConfigurationPlatforms) = postSolution
		{8DCC2EBE-5E43-4E81-A3FE-B67834E3FEC9}.Debug|x86.ActiveCfg = Debug|x86
		{8DCC2EBE-5E43-4E81-A3FE-B67834E3FEC9}.Debug|x86.Build.0 = Debug|x86
		{8DCC2EBE-5E43-4E81-A3FE-B67834E3FEC9}.Release|x86.ActiveCfg = Release|x86
		{8DCC2EBE-5E43-4E81-A3FE-B67834E3FEC9}.Release|x86.Build.0 = Release|x86
	EndGlobalSection
	GlobalSection(SolutionProperties) = preSolution
		HideSolutionNode = FALSE
	EndGlobalSection
EndGlobal
